
Microsoft Visual Studio Solution File, Format Version 12.00
# Visual Studio Version 17
VisualStudioVersion = 17.1.32328.378
MinimumVisualStudioVersion = 10.0.40219.1
Project("{FAE04EC0-301F-11D3-BF4B-00C04F79EFBC}") = "CSharp.LabExercise5.Solution1", "CSharp.LabExercise5.Solution1.csproj", "{2EA35E08-57E8-4FE4-9B56-58BEF1294111}"
EndProject
Project("{FAE04EC0-301F-11D3-BF4B-00C04F79EFBC}") = "CSharp.LabExercise5.Solution2", "..\CSharp.LabExercise5.Solution2\CSharp.LabExercise5.Solution2.csproj", "{B5E43BD0-56B0-44AE-86AC-639D2B2A5729}"
EndProject
Project("{FAE04EC0-301F-11D3-BF4B-00C04F79EFBC}") = "CSharp.LabExercise5.Solution3", "..\CSharp.LabExercise5.Solution3\CSharp.LabExercise5.Solution3.csproj", "{C0123B92-79FC-4212-9919-65945644EB9A}"
EndProject
Project("{FAE04EC0-301F-11D3-BF4B-00C04F79EFBC}") = "CSharp.LabExercise5.Solution4", "..\CSharp.LabExercise5.Solution4\CSharp.LabExercise5.Solution4.csproj", "{E861755E-B74D-47A1-B96C-D53F747A2D46}"
EndProject
Project("{FAE04EC0-301F-11D3-BF4B-00C04F79EFBC}") = "CSharp.LabExercise5.Solution5", "..\CSharp.LabExercise5.Solution5\CSharp.LabExercise5.Solution5.csproj", "{FE6E879B-E509-41A7-9135-B6916431625D}"
EndProject
Global
	GlobalSection(SolutionConfigurationPlatforms) = preSolution
		Debug|Any CPU = Debug|Any CPU
		Release|Any CPU = Release|Any CPU
	EndGlobalSection
	GlobalSection(ProjectConfigurationPlatforms) = postSolution
		{2EA35E08-57E8-4FE4-9B56-58BEF1294111}.Debug|Any CPU.ActiveCfg = Debug|Any CPU
		{2EA35E08-57E8-4FE4-9B56-58BEF1294111}.Debug|Any CPU.Build.0 = Debug|Any CPU
		{2EA35E08-57E8-4FE4-9B56-58BEF1294111}.Release|Any CPU.ActiveCfg = Release|Any CPU
		{2EA35E08-57E8-4FE4-9B56-58BEF1294111}.Release|Any CPU.Build.0 = Release|Any CPU
		{B5E43BD0-56B0-44AE-86AC-639D2B2A5729}.Debug|Any CPU.ActiveCfg = Debug|Any CPU
		{B5E43BD0-56B0-44AE-86AC-639D2B2A5729}.Debug|Any CPU.Build.0 = Debug|Any CPU
		{B5E43BD0-56B0-44AE-86AC-639D2B2A5729}.Release|Any CPU.ActiveCfg = Release|Any CPU
		{B5E43BD0-56B0-44AE-86AC-639D2B2A5729}.Release|Any CPU.Build.0 = Release|Any CPU
		{C0123B92-79FC-4212-9919-65945644EB9A}.Debug|Any CPU.ActiveCfg = Debug|Any CPU
		{C0123B92-79FC-4212-9919-65945644EB9A}.Debug|Any CPU.Build.0 = Debug|Any CPU
		{C0123B92-79FC-4212-9919-65945644EB9A}.Release|Any CPU.ActiveCfg = Release|Any CPU
		{C0123B92-79FC-4212-9919-65945644EB9A}.Release|Any CPU.Build.0 = Release|Any CPU
		{E861755E-B74D-47A1-B96C-D53F747A2D46}.Debug|Any CPU.ActiveCfg = Debug|Any CPU
		{E861755E-B74D-47A1-B96C-D53F747A2D46}.Debug|Any CPU.Build.0 = Debug|Any CPU
		{E861755E-B74D-47A1-B96C-D53F747A2D46}.Release|Any CPU.ActiveCfg = Release|Any CPU
		{E861755E-B74D-47A1-B96C-D53F747A2D46}.Release|Any CPU.Build.0 = Release|Any CPU
		{FE6E879B-E509-41A7-9135-B6916431625D}.Debug|Any CPU.ActiveCfg = Debug|Any CPU
		{FE6E879B-E509-41A7-9135-B6916431625D}.Debug|Any CPU.Build.0 = Debug|Any CPU
		{FE6E879B-E509-41A7-9135-B6916431625D}.Release|Any CPU.ActiveCfg = Release|Any CPU
		{FE6E879B-E509-41A7-9135-B6916431625D}.Release|Any CPU.Build.0 = Release|Any CPU
	EndGlobalSection
	GlobalSection(SolutionProperties) = preSolution
		HideSolutionNode = FALSE
	EndGlobalSection
	GlobalSection(ExtensibilityGlobals) = postSolution
		SolutionGuid = {CAEBC06B-6A90-4AAE-9106-61FB2C2659EE}
	EndGlobalSection
EndGlobal
